{
  "version": "3",
  "packages": {
    "specifiers": {
      "npm:cron-schedule@4.0.0": "npm:cron-schedule@4.0.0"
    },
    "npm": {
      "cron-schedule@4.0.0": {
        "integrity": "sha512-+WIxWa9yE9AKeFzVkIVn9Qp/p69EJMZfAYV+xMQ40zI1Gfx+eZJf4l6Ub/wBNc7Cw2/1+Jn+wUbUPlpqdDxH8Q==",
        "dependencies": {}
      }
    }
  },
  "remote": {
    "https://deno.land/std@0.114.0/_util/assert.ts": "2f868145a042a11d5ad0a3c748dcf580add8a0dbc0e876eaa0026303a5488f58",
    "https://deno.land/std@0.114.0/async/deadline.ts": "1d6ac7aeaee22f75eb86e4e105d6161118aad7b41ae2dd14f4cfd3bf97472b93",
    "https://deno.land/std@0.114.0/async/debounce.ts": "b2f693e4baa16b62793fd618de6c003b63228db50ecfe3bd51fc5f6dc0bc264b",
    "https://deno.land/std@0.114.0/async/deferred.ts": "ab60d46ba561abb3b13c0c8085d05797a384b9f182935f051dc67136817acdee",
    "https://deno.land/std@0.114.0/async/delay.ts": "f2d8ccaa8ebc26594bd8b0989edfd8a96257a714c1dee2fb54d986e5bdd840ac",
    "https://deno.land/std@0.114.0/async/mod.ts": "78425176fabea7bd1046ce3819fd69ce40da85c83e0f174d17e8e224a91f7d10",
    "https://deno.land/std@0.114.0/async/mux_async_iterator.ts": "62abff3af9ff619e8f2adc96fc70d4ca020fa48a50c23c13f12d02ed2b760dbe",
    "https://deno.land/std@0.114.0/async/pool.ts": "353ce4f91865da203a097aa6f33de8966340c91b6f4a055611c8c5d534afd12f",
    "https://deno.land/std@0.114.0/async/tee.ts": "3e9f2ef6b36e55188de16a667c702ace4ad0cf84e3720379160e062bf27348ad",
    "https://deno.land/std@0.114.0/bytes/bytes_list.ts": "3bff6a09c72b2e0b1e92e29bd3b135053894196cca07a2bba842901073efe5cb",
    "https://deno.land/std@0.114.0/bytes/equals.ts": "69f55fdbd45c71f920c1a621e6c0865dc780cd8ae34e0f5e55a9497b70c31c1b",
    "https://deno.land/std@0.114.0/bytes/mod.ts": "fedb80b8da2e7ad8dd251148e65f92a04c73d6c5a430b7d197dc39588c8dda6f",
    "https://deno.land/std@0.114.0/datetime/formatter.ts": "bf7befcd2c55c3060be199ebc10e40f9c33aef6141c20f7c781d03beef25a49e",
    "https://deno.land/std@0.114.0/datetime/mod.ts": "ddbf54ca8144583cdf16f49b5a69c6b4594215d7b14fef8fecc5ff73911da9e3",
    "https://deno.land/std@0.114.0/datetime/tokenizer.ts": "492bb6251e75e0c03d5a89a66bd2b03e08e9cbc298d51e002cf59378aaa32c48",
    "https://deno.land/std@0.114.0/encoding/base64.ts": "0b58bd6477214838bf711eef43eac21e47ba9e5c81b2ce185fe25d9ecab3ebb3",
    "https://deno.land/std@0.114.0/encoding/hex.ts": "5bc7df19af498c315cdaba69e2fce1b2aef5fc57344e8c21c08991aa8505a260",
    "https://deno.land/std@0.114.0/fmt/colors.ts": "8368ddf2d48dfe413ffd04cdbb7ae6a1009cf0dccc9c7ff1d76259d9c61a0621",
    "https://deno.land/std@0.114.0/hash/_wasm/hash.ts": "021e1d98319edaf4bd57cf114e858f16c483d21c1057ef3bec8e329e61207c80",
    "https://deno.land/std@0.114.0/hash/_wasm/wasm.js": "7313f3e83e8e7addc6c5504db29dbb5f3e3fd75ab3d0b76b326bd1bea0f36a2e",
    "https://deno.land/std@0.114.0/hash/mod.ts": "e06f28bf9a212529cfb90f7f67f0840ad3eae1441d29210972e8224002382047",
    "https://deno.land/std@0.114.0/hash/sha256.ts": "bd85257c68d1fdd9da8457284c4fbb04efa9f4f2229b5f41a638d5b71a3a8d5c",
    "https://deno.land/std@0.114.0/io/buffer.ts": "a587093277c889ded709a933cd7d5b6285978275b2015a7cf9c8a3caad464236",
    "https://deno.land/std@0.208.0/dotenv/mod.ts": "039468f5c87d39b69d7ca6c3d68ebca82f206ec0ff5e011d48205eea292ea5a6",
    "https://deno.land/std@0.91.0/encoding/base64.ts": "eecae390f1f1d1cae6f6c6d732ede5276bf4b9cd29b1d281678c054dc5cc009e",
    "https://deno.land/std@0.91.0/encoding/hex.ts": "f952e0727bddb3b2fd2e6889d104eacbd62e92091f540ebd6459317a61932d9b",
    "https://deno.land/std@0.91.0/hash/_wasm/hash.ts": "cb6ad1ab429f8ac9d6eae48f3286e08236d662e1a2e5cfd681ba1c0f17375895",
    "https://deno.land/std@0.91.0/hash/_wasm/wasm.js": "94b1b997ae6fb4e6d2156bcea8f79cfcd1e512a91252b08800a92071e5e84e1a",
    "https://deno.land/std@0.91.0/hash/mod.ts": "5d032bd34186cda2f8d17fc122d621430953a6030d4b3f11172004715e3e2441",
    "https://deno.land/x/postgres@v0.14.0/client.ts": "06b636869904b090c998f79620ae0a0ea062c204728e236c76cb45e31ca9dee5",
    "https://deno.land/x/postgres@v0.14.0/client/error.ts": "60b9a575b694a92657654165f6737acbe9fb4bbc1ecf1359a12b413129bb6cdf",
    "https://deno.land/x/postgres@v0.14.0/connection/auth.ts": "f397ca9bcd8cf40644085bb030f232ae691749d77ad10693f2e33e07b977bc47",
    "https://deno.land/x/postgres@v0.14.0/connection/connection.ts": "3aeb8367aef72205a550c8c356f64515a30384d6df5edff2ba039772a267ffed",
    "https://deno.land/x/postgres@v0.14.0/connection/connection_params.ts": "e5621de3b9563734455602f01ce7b20add950ee882b81866d3d3b43db8daa6fb",
    "https://deno.land/x/postgres@v0.14.0/connection/message.ts": "f9257948b7f87d58bfbfe3fc6e2e08f0de3ef885655904d56a5f73655cc22c5a",
    "https://deno.land/x/postgres@v0.14.0/connection/message_code.ts": "466719008b298770c366c5c63f6cf8285b7f76514dadb4b11e7d9756a8a1ddbf",
    "https://deno.land/x/postgres@v0.14.0/connection/packet.ts": "050aeff1fc13c9349e89451a155ffcd0b1343dc313a51f84439e3e45f64b56c8",
    "https://deno.land/x/postgres@v0.14.0/connection/scram.ts": "11316f3181a21b6bdd8e7c66442469a0c956bd6cf46b086c9199668b3c37654c",
    "https://deno.land/x/postgres@v0.14.0/deps.ts": "dfc89682720edaecadc553d99103333c7f01398d00baced04a350d6288bdd7ee",
    "https://deno.land/x/postgres@v0.14.0/mod.ts": "d30a3e499b827b645bc396e6c9cdab9814dfc99a3e5b2f9a55fbc83b68d7b079",
    "https://deno.land/x/postgres@v0.14.0/pool.ts": "d1277c33156b15b39786fc4a5d2278d8d3b73416d4bca4a5b0bb5e2913d117ed",
    "https://deno.land/x/postgres@v0.14.0/query/array_parser.ts": "f8a229d82c3801de8266fa2cc4afe12e94fef8d0c479e73655c86ed3667ef33f",
    "https://deno.land/x/postgres@v0.14.0/query/decode.ts": "7974d86729c437b2af8f4098c544ab302bf6ad3c123b330f29e7b94c94187201",
    "https://deno.land/x/postgres@v0.14.0/query/decoders.ts": "4f654e12c2a9f0a52c40cd2986d817e5dbec57cd4ad093ea6cbe996d797f6e37",
    "https://deno.land/x/postgres@v0.14.0/query/encode.ts": "990a49b10b4fe2724a88bafe1c05c3df4cdba686f8baa2ec16b739ff0628b87d",
    "https://deno.land/x/postgres@v0.14.0/query/oid.ts": "8c33e1325f34e4ca9f11a48b8066c8cfcace5f64bc1eb17ad7247af4936999e1",
    "https://deno.land/x/postgres@v0.14.0/query/query.ts": "77c37e8758c3f1fdf609b6c2cdd09036048bbc071b6e10f19aea3d7774dfdd26",
    "https://deno.land/x/postgres@v0.14.0/query/transaction.ts": "e2902f3afed91e2697692f1f0d1edf302be7e5692c2c2e291d5c7ae039daef34",
    "https://deno.land/x/postgres@v0.14.0/query/types.ts": "a6dc8024867fe7ccb0ba4b4fa403ee5d474c7742174128c8e689c3b5e5eaa933",
    "https://deno.land/x/postgres@v0.14.0/utils/deferred.ts": "3c203ba0bebae5a33edd95d59c633d3f8b887c9856ad406642ac5a3c47ba005a",
    "https://deno.land/x/postgres@v0.14.0/utils/utils.ts": "0706bde6e189f28deb283df30193b1d4d0b3b737f1ff90e1170fcaecd7b8ffd5"
  }
}
